
Microsoft Visual Studio Solution File, Format Version 12.00
Project("{FAE04EC0-301F-11D3-BF4B-00C04F79EFBC}") = "EmployeeRoleManagement", "EmployeeRoleManagement\EmployeeRoleManagement.csproj", "{AFDC9829-75F4-49D0-AEB1-54CBF1F3D27F}"
EndProject
Project("{FAE04EC0-301F-11D3-BF4B-00C04F79EFBC}") = "EmployeeRoleManagement.Application", "EmployeeRoleManagement\src\Core\EmployeeRoleManagement.Application\EmployeeRoleManagement.Application.csproj", "{B3188B08-00C6-429C-BBD1-EC974C262ADF}"
EndProject
Project("{FAE04EC0-301F-11D3-BF4B-00C04F79EFBC}") = "EmployeeRoleManagement.Domain", "EmployeeRoleManagement\src\Core\EmployeeRoleManagement.Domain\EmployeeRoleManagement.Domain.csproj", "{7F22068F-206D-4C4A-AAD6-D67A03287609}"
EndProject
Global
	GlobalSection(SolutionConfigurationPlatforms) = preSolution
		Debug|Any CPU = Debug|Any CPU
		Release|Any CPU = Release|Any CPU
	EndGlobalSection
	GlobalSection(ProjectConfigurationPlatforms) = postSolution
		{AFDC9829-75F4-49D0-AEB1-54CBF1F3D27F}.Debug|Any CPU.ActiveCfg = Debug|Any CPU
		{AFDC9829-75F4-49D0-AEB1-54CBF1F3D27F}.Debug|Any CPU.Build.0 = Debug|Any CPU
		{AFDC9829-75F4-49D0-AEB1-54CBF1F3D27F}.Release|Any CPU.ActiveCfg = Release|Any CPU
		{AFDC9829-75F4-49D0-AEB1-54CBF1F3D27F}.Release|Any CPU.Build.0 = Release|Any CPU
		{B3188B08-00C6-429C-BBD1-EC974C262ADF}.Debug|Any CPU.ActiveCfg = Debug|Any CPU
		{B3188B08-00C6-429C-BBD1-EC974C262ADF}.Debug|Any CPU.Build.0 = Debug|Any CPU
		{B3188B08-00C6-429C-BBD1-EC974C262ADF}.Release|Any CPU.ActiveCfg = Release|Any CPU
		{B3188B08-00C6-429C-BBD1-EC974C262ADF}.Release|Any CPU.Build.0 = Release|Any CPU
		{7F22068F-206D-4C4A-AAD6-D67A03287609}.Debug|Any CPU.ActiveCfg = Debug|Any CPU
		{7F22068F-206D-4C4A-AAD6-D67A03287609}.Debug|Any CPU.Build.0 = Debug|Any CPU
		{7F22068F-206D-4C4A-AAD6-D67A03287609}.Release|Any CPU.ActiveCfg = Release|Any CPU
		{7F22068F-206D-4C4A-AAD6-D67A03287609}.Release|Any CPU.Build.0 = Release|Any CPU
	EndGlobalSection
EndGlobal
